
Microsoft Visual Studio Solution File, Format Version 12.00
# Visual Studio 14
VisualStudioVersion = 14.0.23107.0
MinimumVisualStudioVersion = 10.0.40219.1
Project("{2150E333-8FDC-42A3-9474-1A3956D46DE8}") = "src", "src", "{A68D6C5D-A311-4707-96AA-B0F8D84107E4}"
EndProject
Project("{2150E333-8FDC-42A3-9474-1A3956D46DE8}") = "Solution Items", "Solution Items", "{ABDDD43A-6918-411B-9FE3-83A716B9DCEA}"
	ProjectSection(SolutionItems) = preProject
		global.json = global.json
	EndProjectSection
EndProject
Project("{8BB2217D-0F2D-49D1-97BC-3654ED321F3B}") = "Budget.Web", "src\Budget.Web\Budget.Web.xproj", "{85EA673F-7186-4AA1-8184-C1E4D44DA071}"
EndProject
Project("{8BB2217D-0F2D-49D1-97BC-3654ED321F3B}") = "DatomicNet.Core", "src\DatomicNet.Core\DatomicNet.Core.xproj", "{6EB4FAEE-B4D2-4E9B-80EF-54D242BF34E6}"
EndProject
Project("{8BB2217D-0F2D-49D1-97BC-3654ED321F3B}") = "Budget.Schema", "src\Budget.Schema\Budget.Schema.xproj", "{B2798C46-B803-47A4-85A6-D3C49E2D401C}"
EndProject
Global
	GlobalSection(SolutionConfigurationPlatforms) = preSolution
		Debug|Any CPU = Debug|Any CPU
		Release|Any CPU = Release|Any CPU
	EndGlobalSection
	GlobalSection(ProjectConfigurationPlatforms) = postSolution
		{85EA673F-7186-4AA1-8184-C1E4D44DA071}.Debug|Any CPU.ActiveCfg = Debug|Any CPU
		{85EA673F-7186-4AA1-8184-C1E4D44DA071}.Debug|Any CPU.Build.0 = Debug|Any CPU
		{85EA673F-7186-4AA1-8184-C1E4D44DA071}.Release|Any CPU.ActiveCfg = Release|Any CPU
		{85EA673F-7186-4AA1-8184-C1E4D44DA071}.Release|Any CPU.Build.0 = Release|Any CPU
		{6EB4FAEE-B4D2-4E9B-80EF-54D242BF34E6}.Debug|Any CPU.ActiveCfg = Debug|Any CPU
		{6EB4FAEE-B4D2-4E9B-80EF-54D242BF34E6}.Debug|Any CPU.Build.0 = Debug|Any CPU
		{6EB4FAEE-B4D2-4E9B-80EF-54D242BF34E6}.Release|Any CPU.ActiveCfg = Release|Any CPU
		{6EB4FAEE-B4D2-4E9B-80EF-54D242BF34E6}.Release|Any CPU.Build.0 = Release|Any CPU
		{B2798C46-B803-47A4-85A6-D3C49E2D401C}.Debug|Any CPU.ActiveCfg = Debug|Any CPU
		{B2798C46-B803-47A4-85A6-D3C49E2D401C}.Debug|Any CPU.Build.0 = Debug|Any CPU
		{B2798C46-B803-47A4-85A6-D3C49E2D401C}.Release|Any CPU.ActiveCfg = Release|Any CPU
		{B2798C46-B803-47A4-85A6-D3C49E2D401C}.Release|Any CPU.Build.0 = Release|Any CPU
	EndGlobalSection
	GlobalSection(SolutionProperties) = preSolution
		HideSolutionNode = FALSE
	EndGlobalSection
	GlobalSection(NestedProjects) = preSolution
		{85EA673F-7186-4AA1-8184-C1E4D44DA071} = {A68D6C5D-A311-4707-96AA-B0F8D84107E4}
		{6EB4FAEE-B4D2-4E9B-80EF-54D242BF34E6} = {A68D6C5D-A311-4707-96AA-B0F8D84107E4}
		{B2798C46-B803-47A4-85A6-D3C49E2D401C} = {A68D6C5D-A311-4707-96AA-B0F8D84107E4}
	EndGlobalSection
EndGlobal
